
Microsoft Visual Studio Solution File, Format Version 12.00
# Visual Studio 15
Project("{FAE04EC0-301F-11D3-BF4B-00C04F79EFBC}") = "Assembly-CSharp", "Assembly-CSharp.csproj", "{008E0645-F0CE-D1D4-4DDC-206F621E413B}"
EndProject
Project("{FAE04EC0-301F-11D3-BF4B-00C04F79EFBC}") = "Assembly-CSharp-firstpass", "Assembly-CSharp-firstpass.csproj", "{52F671EF-079D-220D-231C-9793634478DF}"
EndProject
Project("{FAE04EC0-301F-11D3-BF4B-00C04F79EFBC}") = "Assembly-CSharp-Editor", "Assembly-CSharp-Editor.csproj", "{34F5EEF8-BB1F-F56C-D7F1-E5D781ADFE7D}"
EndProject
Project("{FAE04EC0-301F-11D3-BF4B-00C04F79EFBC}") = "Assembly-CSharp-Editor-firstpass", "Assembly-CSharp-Editor-firstpass.csproj", "{FC0EEA6E-5CC1-C07E-98E8-0C33CFAD9F13}"
EndProject
Global
	GlobalSection(SolutionConfigurationPlatforms) = preSolution
		Debug|Any CPU = Debug|Any CPU
		Release|Any CPU = Release|Any CPU
	EndGlobalSection
	GlobalSection(ProjectConfigurationPlatforms) = postSolution
		{008E0645-F0CE-D1D4-4DDC-206F621E413B}.Debug|Any CPU.ActiveCfg = Debug|Any CPU
		{008E0645-F0CE-D1D4-4DDC-206F621E413B}.Debug|Any CPU.Build.0 = Debug|Any CPU
		{008E0645-F0CE-D1D4-4DDC-206F621E413B}.Release|Any CPU.ActiveCfg = Release|Any CPU
		{008E0645-F0CE-D1D4-4DDC-206F621E413B}.Release|Any CPU.Build.0 = Release|Any CPU
		{52F671EF-079D-220D-231C-9793634478DF}.Debug|Any CPU.ActiveCfg = Debug|Any CPU
		{52F671EF-079D-220D-231C-9793634478DF}.Debug|Any CPU.Build.0 = Debug|Any CPU
		{52F671EF-079D-220D-231C-9793634478DF}.Release|Any CPU.ActiveCfg = Release|Any CPU
		{52F671EF-079D-220D-231C-9793634478DF}.Release|Any CPU.Build.0 = Release|Any CPU
		{34F5EEF8-BB1F-F56C-D7F1-E5D781ADFE7D}.Debug|Any CPU.ActiveCfg = Debug|Any CPU
		{34F5EEF8-BB1F-F56C-D7F1-E5D781ADFE7D}.Debug|Any CPU.Build.0 = Debug|Any CPU
		{34F5EEF8-BB1F-F56C-D7F1-E5D781ADFE7D}.Release|Any CPU.ActiveCfg = Release|Any CPU
		{34F5EEF8-BB1F-F56C-D7F1-E5D781ADFE7D}.Release|Any CPU.Build.0 = Release|Any CPU
		{FC0EEA6E-5CC1-C07E-98E8-0C33CFAD9F13}.Debug|Any CPU.ActiveCfg = Debug|Any CPU
		{FC0EEA6E-5CC1-C07E-98E8-0C33CFAD9F13}.Debug|Any CPU.Build.0 = Debug|Any CPU
		{FC0EEA6E-5CC1-C07E-98E8-0C33CFAD9F13}.Release|Any CPU.ActiveCfg = Release|Any CPU
		{FC0EEA6E-5CC1-C07E-98E8-0C33CFAD9F13}.Release|Any CPU.Build.0 = Release|Any CPU
	EndGlobalSection
	GlobalSection(SolutionProperties) = preSolution
		HideSolutionNode = FALSE
	EndGlobalSection
EndGlobal
